
Microsoft Visual Studio Solution File, Format Version 12.00
# Visual Studio 2013
VisualStudioVersion = 12.0.31101.0
MinimumVisualStudioVersion = 10.0.40219.1
Project("{888888A0-9F3D-457C-B088-3A5042F75D52}") = "SuperEdge", "SuperEdge\SuperEdge.pyproj", "{710E04F4-2472-4482-A8D1-B9EE35A76EB2}"
EndProject
Project("{8BC9CEB8-8B4A-11D0-8D11-00A0C91BC942}") = "correspondPixels", "correspondPixels\correspondPixels.vcxproj", "{43E09F1E-3043-4094-A2A4-699DEEB84480}"
EndProject
Global
	GlobalSection(SolutionConfigurationPlatforms) = preSolution
		Debug|Any CPU = Debug|Any CPU
		Debug|Mixed Platforms = Debug|Mixed Platforms
		Debug|Win32 = Debug|Win32
		Release|Any CPU = Release|Any CPU
		Release|Mixed Platforms = Release|Mixed Platforms
		Release|Win32 = Release|Win32
	EndGlobalSection
	GlobalSection(ProjectConfigurationPlatforms) = postSolution
		{710E04F4-2472-4482-A8D1-B9EE35A76EB2}.Debug|Any CPU.ActiveCfg = Debug|Any CPU
		{710E04F4-2472-4482-A8D1-B9EE35A76EB2}.Debug|Mixed Platforms.ActiveCfg = Debug|Any CPU
		{710E04F4-2472-4482-A8D1-B9EE35A76EB2}.Debug|Win32.ActiveCfg = Debug|Any CPU
		{710E04F4-2472-4482-A8D1-B9EE35A76EB2}.Release|Any CPU.ActiveCfg = Release|Any CPU
		{710E04F4-2472-4482-A8D1-B9EE35A76EB2}.Release|Mixed Platforms.ActiveCfg = Release|Any CPU
		{710E04F4-2472-4482-A8D1-B9EE35A76EB2}.Release|Win32.ActiveCfg = Release|Any CPU
		{43E09F1E-3043-4094-A2A4-699DEEB84480}.Debug|Any CPU.ActiveCfg = Debug|Win32
		{43E09F1E-3043-4094-A2A4-699DEEB84480}.Debug|Mixed Platforms.ActiveCfg = Debug|Win32
		{43E09F1E-3043-4094-A2A4-699DEEB84480}.Debug|Mixed Platforms.Build.0 = Debug|Win32
		{43E09F1E-3043-4094-A2A4-699DEEB84480}.Debug|Win32.ActiveCfg = Debug|Win32
		{43E09F1E-3043-4094-A2A4-699DEEB84480}.Debug|Win32.Build.0 = Debug|Win32
		{43E09F1E-3043-4094-A2A4-699DEEB84480}.Release|Any CPU.ActiveCfg = Release|Win32
		{43E09F1E-3043-4094-A2A4-699DEEB84480}.Release|Mixed Platforms.ActiveCfg = Release|Win32
		{43E09F1E-3043-4094-A2A4-699DEEB84480}.Release|Mixed Platforms.Build.0 = Release|Win32
		{43E09F1E-3043-4094-A2A4-699DEEB84480}.Release|Win32.ActiveCfg = Release|Win32
		{43E09F1E-3043-4094-A2A4-699DEEB84480}.Release|Win32.Build.0 = Release|Win32
	EndGlobalSection
	GlobalSection(SolutionProperties) = preSolution
		HideSolutionNode = FALSE
	EndGlobalSection
EndGlobal
